
Microsoft Visual Studio Solution File, Format Version 12.00
# Visual Studio Version 16
VisualStudioVersion = 16.0.31129.286
MinimumVisualStudioVersion = 10.0.40219.1
Project("{9A19103F-16F7-4668-BE54-9A1E7A4F7556}") = "CookBook.Web.React", "CookBook.Web.React\CookBook.Web.React.csproj", "{43EF42E5-2CE4-46BA-B38C-A493005B2ACA}"
EndProject
Project("{FAE04EC0-301F-11D3-BF4B-00C04F79EFBC}") = "CookBook.Domain", "CookBook.Domain\CookBook.Domain.csproj", "{3E94335E-B2BE-4D5F-A95E-909EC31610DA}"
EndProject
Project("{FAE04EC0-301F-11D3-BF4B-00C04F79EFBC}") = "CookBook.Prototyping", "CookBook.Prototyping\CookBook.Prototyping.csproj", "{012771ED-C44F-4444-8860-F0A5A39858C1}"
EndProject
Global
	GlobalSection(SolutionConfigurationPlatforms) = preSolution
		Debug|Any CPU = Debug|Any CPU
		Release|Any CPU = Release|Any CPU
	EndGlobalSection
	GlobalSection(ProjectConfigurationPlatforms) = postSolution
		{43EF42E5-2CE4-46BA-B38C-A493005B2ACA}.Debug|Any CPU.ActiveCfg = Debug|Any CPU
		{43EF42E5-2CE4-46BA-B38C-A493005B2ACA}.Debug|Any CPU.Build.0 = Debug|Any CPU
		{43EF42E5-2CE4-46BA-B38C-A493005B2ACA}.Release|Any CPU.ActiveCfg = Release|Any CPU
		{43EF42E5-2CE4-46BA-B38C-A493005B2ACA}.Release|Any CPU.Build.0 = Release|Any CPU
		{3E94335E-B2BE-4D5F-A95E-909EC31610DA}.Debug|Any CPU.ActiveCfg = Debug|Any CPU
		{3E94335E-B2BE-4D5F-A95E-909EC31610DA}.Debug|Any CPU.Build.0 = Debug|Any CPU
		{3E94335E-B2BE-4D5F-A95E-909EC31610DA}.Release|Any CPU.ActiveCfg = Release|Any CPU
		{3E94335E-B2BE-4D5F-A95E-909EC31610DA}.Release|Any CPU.Build.0 = Release|Any CPU
		{012771ED-C44F-4444-8860-F0A5A39858C1}.Debug|Any CPU.ActiveCfg = Debug|Any CPU
		{012771ED-C44F-4444-8860-F0A5A39858C1}.Debug|Any CPU.Build.0 = Debug|Any CPU
		{012771ED-C44F-4444-8860-F0A5A39858C1}.Release|Any CPU.ActiveCfg = Release|Any CPU
		{012771ED-C44F-4444-8860-F0A5A39858C1}.Release|Any CPU.Build.0 = Release|Any CPU
	EndGlobalSection
	GlobalSection(SolutionProperties) = preSolution
		HideSolutionNode = FALSE
	EndGlobalSection
	GlobalSection(ExtensibilityGlobals) = postSolution
		SolutionGuid = {C0CE526A-C7B1-40B6-978C-6031C07202FA}
	EndGlobalSection
EndGlobal
